// !$*UTF8*$!
{
	archiveVersion = 1;
	classes = {
	};
	objectVersion = 77;
	objects = {

/* Begin PBXBuildFile section */
		6B2144DF2D3DF0C6006DB146 /* Media.xcassets in Resources */ = {isa = PBXBuildFile; fileRef = 6B2144DE2D3DF0C6006DB146 /* Media.xcassets */; };
		6B470FFE2D079A8E00C8FC37 /* WineType.swift in Sources */ = {isa = PBXBuildFile; fileRef = 6B470FFC2D079A8C00C8FC37 /* WineType.swift */; };
		6B4710012D079AA000C8FC37 /* WineSubType.swift in Sources */ = {isa = PBXBuildFile; fileRef = 6B470FFF2D079A9A00C8FC37 /* WineSubType.swift */; };
		6B4710042D079AB600C8FC37 /* Wine.swift in Sources */ = {isa = PBXBuildFile; fileRef = 6B4710022D079AAF00C8FC37 /* Wine.swift */; };
		6B4710072D079AC700C8FC37 /* RecognizedWineAttributes.swift in Sources */ = {isa = PBXBuildFile; fileRef = 6B4710052D079AC500C8FC37 /* RecognizedWineAttributes.swift */; };
		6B47100D2D079BF500C8FC37 /* WineDataModel.xcdatamodeld in Sources */ = {isa = PBXBuildFile; fileRef = 6B47100B2D079BF500C8FC37 /* WineDataModel.xcdatamodeld */; };
		6B4710242D07AB7400C8FC37 /* GroveWineCellarApp.swift in Sources */ = {isa = PBXBuildFile; fileRef = 6B4710232D07AB7300C8FC37 /* GroveWineCellarApp.swift */; };
		6B4710262D07AD3700C8FC37 /* ImagePicker.swift in Sources */ = {isa = PBXBuildFile; fileRef = 6B4710222D07AB3F00C8FC37 /* ImagePicker.swift */; };
		6B4710272D07AD3700C8FC37 /* Badge.swift in Sources */ = {isa = PBXBuildFile; fileRef = 6B47101C2D07AAC500C8FC37 /* Badge.swift */; };
		6B4710282D07AD3700C8FC37 /* ContentView.swift in Sources */ = {isa = PBXBuildFile; fileRef = 6B4710172D079F2100C8FC37 /* ContentView.swift */; };
		6B4710292D07AD3700C8FC37 /* WineFormView.swift in Sources */ = {isa = PBXBuildFile; fileRef = 6B47101A2D07AA9400C8FC37 /* WineFormView.swift */; };
		6B47102A2D07AD3700C8FC37 /* WineRowView.swift in Sources */ = {isa = PBXBuildFile; fileRef = 6B4710192D07AA8100C8FC37 /* WineRowView.swift */; };
		6B47102B2D07AD3700C8FC37 /* FilterChip.swift in Sources */ = {isa = PBXBuildFile; fileRef = 6B4710212D07AB3000C8FC37 /* FilterChip.swift */; };
		6B47102C2D07AD3700C8FC37 /* DetailRow.swift in Sources */ = {isa = PBXBuildFile; fileRef = 6B47101D2D07AADA00C8FC37 /* DetailRow.swift */; };
		6B47102D2D07AD3700C8FC37 /* SearchBarView.swift in Sources */ = {isa = PBXBuildFile; fileRef = 6B47101E2D07AAE900C8FC37 /* SearchBarView.swift */; };
		6B47102F2D07AD3700C8FC37 /* WineDetailView.swift in Sources */ = {isa = PBXBuildFile; fileRef = 6B47101B2D07AAB300C8FC37 /* WineDetailView.swift */; };
		6B4710302D07AD3700C8FC37 /* WineListView.swift in Sources */ = {isa = PBXBuildFile; fileRef = 6B4710182D07AA6000C8FC37 /* WineListView.swift */; };
		6B4710312D07AD3C00C8FC37 /* WineListViewModel.swift in Sources */ = {isa = PBXBuildFile; fileRef = 6B4710142D079ED800C8FC37 /* WineListViewModel.swift */; };
		6B4710322D07AD3C00C8FC37 /* WineFormViewModel.swift in Sources */ = {isa = PBXBuildFile; fileRef = 6B4710152D079EE800C8FC37 /* WineFormViewModel.swift */; };
		6B4710332D07AD4200C8FC37 /* VisionService.swift in Sources */ = {isa = PBXBuildFile; fileRef = 6B4710122D079EAA00C8FC37 /* VisionService.swift */; };
		6B4710342D07AD4200C8FC37 /* ImageStorageService.swift in Sources */ = {isa = PBXBuildFile; fileRef = 6B4710112D079E9700C8FC37 /* ImageStorageService.swift */; };
		6B4710352D07AD5000C8FC37 /* PersistenceController.swift in Sources */ = {isa = PBXBuildFile; fileRef = 6B4710092D079BB400C8FC37 /* PersistenceController.swift */; };
		6B4710362D07AD5000C8FC37 /* WineRepository.swift in Sources */ = {isa = PBXBuildFile; fileRef = 6B47100A2D079BC900C8FC37 /* WineRepository.swift */; };
		6B6D8E7B2DC825140065C738 /* AppticsAnalytics in Frameworks */ = {isa = PBXBuildFile; productRef = 6B6D8E7A2DC825140065C738 /* AppticsAnalytics */; };
		6B6D8E7D2DC825140065C738 /* AppticsApiTracker in Frameworks */ = {isa = PBXBuildFile; productRef = 6B6D8E7C2DC825140065C738 /* AppticsApiTracker */; };
		6B6D8E7F2DC825140065C738 /* AppticsCrossPromotion in Frameworks */ = {isa = PBXBuildFile; productRef = 6B6D8E7E2DC825140065C738 /* AppticsCrossPromotion */; };
		6B6D8E812DC825140065C738 /* AppticsExtension in Frameworks */ = {isa = PBXBuildFile; productRef = 6B6D8E802DC825140065C738 /* AppticsExtension */; };
		6B6D8E832DC825140065C738 /* AppticsFeedbackKit in Frameworks */ = {isa = PBXBuildFile; productRef = 6B6D8E822DC825140065C738 /* AppticsFeedbackKit */; };
		6B6D8E852DC82A5A0065C738 /* apptics-config.plist in Resources */ = {isa = PBXBuildFile; fileRef = 6B6D8E842DC82A5A0065C738 /* apptics-config.plist */; };
		6B7258062D3B502100964366 /* ChatMessage.swift in Sources */ = {isa = PBXBuildFile; fileRef = 6B7258052D3B502000964366 /* ChatMessage.swift */; };
		6B786F2A2D0930820058F4EF /* SubtypeSelectionView.swift in Sources */ = {isa = PBXBuildFile; fileRef = 6B786F292D09307C0058F4EF /* SubtypeSelectionView.swift */; };
		6B889A0F2E14C2BC00DF589F /* FilterPanelView.swift in Sources */ = {isa = PBXBuildFile; fileRef = 6B889A0E2E14C2BC00DF589F /* FilterPanelView.swift */; };
		6B889A112E14C8FA00DF589F /* WineTypeCard.swift in Sources */ = {isa = PBXBuildFile; fileRef = 6B889A102E14C8FA00DF589F /* WineTypeCard.swift */; };
		6B889A142E14C97E00DF589F /* WineColorHelper.swift in Sources */ = {isa = PBXBuildFile; fileRef = 6B889A122E14C97E00DF589F /* WineColorHelper.swift */; };
		6BA349E72D85171E00DA23F2 /* ColorFilterView.swift in Sources */ = {isa = PBXBuildFile; fileRef = 6BA349E62D85171E00DA23F2 /* ColorFilterView.swift */; };
		6BA349E92D85172700DA23F2 /* StyleFilterView.swift in Sources */ = {isa = PBXBuildFile; fileRef = 6BA349E82D85172700DA23F2 /* StyleFilterView.swift */; };
		6BA349EB2D85173100DA23F2 /* SweetnessSelectionView.swift in Sources */ = {isa = PBXBuildFile; fileRef = 6BA349EA2D85173100DA23F2 /* SweetnessSelectionView.swift */; };
		6BA349ED2D85175600DA23F2 /* WineColor.swift in Sources */ = {isa = PBXBuildFile; fileRef = 6BA349EC2D85175600DA23F2 /* WineColor.swift */; };
		6BA349EF2D85175C00DA23F2 /* WineStyle.swift in Sources */ = {isa = PBXBuildFile; fileRef = 6BA349EE2D85175C00DA23F2 /* WineStyle.swift */; };
		6BA349F12D85176200DA23F2 /* WineSweetness.swift in Sources */ = {isa = PBXBuildFile; fileRef = 6BA349F02D85176200DA23F2 /* WineSweetness.swift */; };
		6BA349F32D8519E500DA23F2 /* Config.plist in Resources */ = {isa = PBXBuildFile; fileRef = 6BA349F22D8519E500DA23F2 /* Config.plist */; };
		6BF1D14A2D3A01C700716321 /* SommelierService.swift in Sources */ = {isa = PBXBuildFile; fileRef = 6BF1D1492D3A01C700716321 /* SommelierService.swift */; };
		6BF1D14C2D3A01D900716321 /* WineCellarQueryViewModel.swift in Sources */ = {isa = PBXBuildFile; fileRef = 6BF1D14B2D3A01D900716321 /* WineCellarQueryViewModel.swift */; };
		6BF1D14E2D3A01FA00716321 /* WineCellarQueryView.swift in Sources */ = {isa = PBXBuildFile; fileRef = 6BF1D14D2D3A01FA00716321 /* WineCellarQueryView.swift */; };
/* End PBXBuildFile section */

/* Begin PBXContainerItemProxy section */
		6B470FDF2D079A6200C8FC37 /* PBXContainerItemProxy */ = {
			isa = PBXContainerItemProxy;
			containerPortal = 6B470FC02D079A6000C8FC37 /* Project object */;
			proxyType = 1;
			remoteGlobalIDString = 6B470FC72D079A6000C8FC37;
			remoteInfo = GroveWineCellar;
		};
		6B470FE92D079A6200C8FC37 /* PBXContainerItemProxy */ = {
			isa = PBXContainerItemProxy;
			containerPortal = 6B470FC02D079A6000C8FC37 /* Project object */;
			proxyType = 1;
			remoteGlobalIDString = 6B470FC72D079A6000C8FC37;
			remoteInfo = GroveWineCellar;
		};
/* End PBXContainerItemProxy section */

/* Begin PBXFileReference section */
		6B2144DE2D3DF0C6006DB146 /* Media.xcassets */ = {isa = PBXFileReference; lastKnownFileType = folder.assetcatalog; path = Media.xcassets; sourceTree = "<group>"; };
		6B470FC82D079A6000C8FC37 /* GroveWineCellar.app */ = {isa = PBXFileReference; explicitFileType = wrapper.application; includeInIndex = 0; path = GroveWineCellar.app; sourceTree = BUILT_PRODUCTS_DIR; };
		6B470FDE2D079A6200C8FC37 /* GroveWineCellarTests.xctest */ = {isa = PBXFileReference; explicitFileType = wrapper.cfbundle; includeInIndex = 0; path = GroveWineCellarTests.xctest; sourceTree = BUILT_PRODUCTS_DIR; };
		6B470FE82D079A6200C8FC37 /* GroveWineCellarUITests.xctest */ = {isa = PBXFileReference; explicitFileType = wrapper.cfbundle; includeInIndex = 0; path = GroveWineCellarUITests.xctest; sourceTree = BUILT_PRODUCTS_DIR; };
		6B470FFC2D079A8C00C8FC37 /* WineType.swift */ = {isa = PBXFileReference; lastKnownFileType = sourcecode.swift; path = WineType.swift; sourceTree = "<group>"; };
		6B470FFF2D079A9A00C8FC37 /* WineSubType.swift */ = {isa = PBXFileReference; lastKnownFileType = sourcecode.swift; path = WineSubType.swift; sourceTree = "<group>"; };
		6B4710022D079AAF00C8FC37 /* Wine.swift */ = {isa = PBXFileReference; lastKnownFileType = sourcecode.swift; path = Wine.swift; sourceTree = "<group>"; };
		6B4710052D079AC500C8FC37 /* RecognizedWineAttributes.swift */ = {isa = PBXFileReference; lastKnownFileType = sourcecode.swift; path = RecognizedWineAttributes.swift; sourceTree = "<group>"; };
		6B4710092D079BB400C8FC37 /* PersistenceController.swift */ = {isa = PBXFileReference; lastKnownFileType = sourcecode.swift; path = PersistenceController.swift; sourceTree = "<group>"; };
		6B47100A2D079BC900C8FC37 /* WineRepository.swift */ = {isa = PBXFileReference; lastKnownFileType = sourcecode.swift; path = WineRepository.swift; sourceTree = "<group>"; };
		6B47100C2D079BF500C8FC37 /* WineDataModel.xcdatamodel */ = {isa = PBXFileReference; lastKnownFileType = wrapper.xcdatamodel; path = WineDataModel.xcdatamodel; sourceTree = "<group>"; };
		6B4710112D079E9700C8FC37 /* ImageStorageService.swift */ = {isa = PBXFileReference; lastKnownFileType = sourcecode.swift; path = ImageStorageService.swift; sourceTree = "<group>"; };
		6B4710122D079EAA00C8FC37 /* VisionService.swift */ = {isa = PBXFileReference; lastKnownFileType = sourcecode.swift; path = VisionService.swift; sourceTree = "<group>"; };
		6B4710142D079ED800C8FC37 /* WineListViewModel.swift */ = {isa = PBXFileReference; lastKnownFileType = sourcecode.swift; path = WineListViewModel.swift; sourceTree = "<group>"; };
		6B4710152D079EE800C8FC37 /* WineFormViewModel.swift */ = {isa = PBXFileReference; lastKnownFileType = sourcecode.swift; path = WineFormViewModel.swift; sourceTree = "<group>"; };
		6B4710172D079F2100C8FC37 /* ContentView.swift */ = {isa = PBXFileReference; lastKnownFileType = sourcecode.swift; path = ContentView.swift; sourceTree = "<group>"; };
		6B4710182D07AA6000C8FC37 /* WineListView.swift */ = {isa = PBXFileReference; lastKnownFileType = sourcecode.swift; path = WineListView.swift; sourceTree = "<group>"; };
		6B4710192D07AA8100C8FC37 /* WineRowView.swift */ = {isa = PBXFileReference; lastKnownFileType = sourcecode.swift; path = WineRowView.swift; sourceTree = "<group>"; };
		6B47101A2D07AA9400C8FC37 /* WineFormView.swift */ = {isa = PBXFileReference; lastKnownFileType = sourcecode.swift; path = WineFormView.swift; sourceTree = "<group>"; };
		6B47101B2D07AAB300C8FC37 /* WineDetailView.swift */ = {isa = PBXFileReference; lastKnownFileType = sourcecode.swift; path = WineDetailView.swift; sourceTree = "<group>"; };
		6B47101C2D07AAC500C8FC37 /* Badge.swift */ = {isa = PBXFileReference; lastKnownFileType = sourcecode.swift; path = Badge.swift; sourceTree = "<group>"; };
		6B47101D2D07AADA00C8FC37 /* DetailRow.swift */ = {isa = PBXFileReference; lastKnownFileType = sourcecode.swift; path = DetailRow.swift; sourceTree = "<group>"; };
		6B47101E2D07AAE900C8FC37 /* SearchBarView.swift */ = {isa = PBXFileReference; lastKnownFileType = sourcecode.swift; path = SearchBarView.swift; sourceTree = "<group>"; };
		6B4710212D07AB3000C8FC37 /* FilterChip.swift */ = {isa = PBXFileReference; lastKnownFileType = sourcecode.swift; path = FilterChip.swift; sourceTree = "<group>"; };
		6B4710222D07AB3F00C8FC37 /* ImagePicker.swift */ = {isa = PBXFileReference; lastKnownFileType = sourcecode.swift; path = ImagePicker.swift; sourceTree = "<group>"; };
		6B4710232D07AB7300C8FC37 /* GroveWineCellarApp.swift */ = {isa = PBXFileReference; lastKnownFileType = sourcecode.swift; path = GroveWineCellarApp.swift; sourceTree = "<group>"; };
		6B6D8E842DC82A5A0065C738 /* apptics-config.plist */ = {isa = PBXFileReference; lastKnownFileType = text.plist.xml; path = "apptics-config.plist"; sourceTree = "<group>"; };
		6B7258052D3B502000964366 /* ChatMessage.swift */ = {isa = PBXFileReference; lastKnownFileType = sourcecode.swift; path = ChatMessage.swift; sourceTree = "<group>"; };
		6B786F202D07B15A0058F4EF /* GroveWineCellar-Info.plist */ = {isa = PBXFileReference; lastKnownFileType = text.plist; path = "GroveWineCellar-Info.plist"; sourceTree = "<group>"; };
		6B786F212D07B22D0058F4EF /* GroveWineCellar.entitlements */ = {isa = PBXFileReference; lastKnownFileType = text.plist.entitlements; path = GroveWineCellar.entitlements; sourceTree = "<group>"; };
		6B786F292D09307C0058F4EF /* SubtypeSelectionView.swift */ = {isa = PBXFileReference; lastKnownFileType = sourcecode.swift; path = SubtypeSelectionView.swift; sourceTree = "<group>"; };
		6B889A0E2E14C2BC00DF589F /* FilterPanelView.swift */ = {isa = PBXFileReference; lastKnownFileType = sourcecode.swift; path = FilterPanelView.swift; sourceTree = "<group>"; };
		6B889A102E14C8FA00DF589F /* WineTypeCard.swift */ = {isa = PBXFileReference; lastKnownFileType = sourcecode.swift; path = WineTypeCard.swift; sourceTree = "<group>"; };
		6B889A122E14C97E00DF589F /* WineColorHelper.swift */ = {isa = PBXFileReference; lastKnownFileType = sourcecode.swift; path = WineColorHelper.swift; sourceTree = "<group>"; };
		6BA349E62D85171E00DA23F2 /* ColorFilterView.swift */ = {isa = PBXFileReference; lastKnownFileType = sourcecode.swift; path = ColorFilterView.swift; sourceTree = "<group>"; };
		6BA349E82D85172700DA23F2 /* StyleFilterView.swift */ = {isa = PBXFileReference; lastKnownFileType = sourcecode.swift; path = StyleFilterView.swift; sourceTree = "<group>"; };
		6BA349EA2D85173100DA23F2 /* SweetnessSelectionView.swift */ = {isa = PBXFileReference; lastKnownFileType = sourcecode.swift; path = SweetnessSelectionView.swift; sourceTree = "<group>"; };
		6BA349EC2D85175600DA23F2 /* WineColor.swift */ = {isa = PBXFileReference; lastKnownFileType = sourcecode.swift; path = WineColor.swift; sourceTree = "<group>"; };
		6BA349EE2D85175C00DA23F2 /* WineStyle.swift */ = {isa = PBXFileReference; lastKnownFileType = sourcecode.swift; path = WineStyle.swift; sourceTree = "<group>"; };
		6BA349F02D85176200DA23F2 /* WineSweetness.swift */ = {isa = PBXFileReference; lastKnownFileType = sourcecode.swift; path = WineSweetness.swift; sourceTree = "<group>"; };
		6BA349F22D8519E500DA23F2 /* Config.plist */ = {isa = PBXFileReference; lastKnownFileType = text.plist.xml; path = Config.plist; sourceTree = "<group>"; };
		6BF1D1492D3A01C700716321 /* SommelierService.swift */ = {isa = PBXFileReference; lastKnownFileType = sourcecode.swift; path = SommelierService.swift; sourceTree = "<group>"; };
		6BF1D14B2D3A01D900716321 /* WineCellarQueryViewModel.swift */ = {isa = PBXFileReference; lastKnownFileType = sourcecode.swift; path = WineCellarQueryViewModel.swift; sourceTree = "<group>"; };
		6BF1D14D2D3A01FA00716321 /* WineCellarQueryView.swift */ = {isa = PBXFileReference; lastKnownFileType = sourcecode.swift; path = WineCellarQueryView.swift; sourceTree = "<group>"; };
/* End PBXFileReference section */

/* Begin PBXFileSystemSynchronizedRootGroup section */
		6B470FE12D079A6200C8FC37 /* GroveWineCellarTests */ = {
			isa = PBXFileSystemSynchronizedRootGroup;
			path = GroveWineCellarTests;
			sourceTree = "<group>";
		};
		6B470FEB2D079A6200C8FC37 /* GroveWineCellarUITests */ = {
			isa = PBXFileSystemSynchronizedRootGroup;
			path = GroveWineCellarUITests;
			sourceTree = "<group>";
		};
/* End PBXFileSystemSynchronizedRootGroup section */

/* Begin PBXFrameworksBuildPhase section */
		6B470FC52D079A6000C8FC37 /* Frameworks */ = {
			isa = PBXFrameworksBuildPhase;
			buildActionMask = 2147483647;
			files = (
				6B6D8E7D2DC825140065C738 /* AppticsApiTracker in Frameworks */,
				6B6D8E7B2DC825140065C738 /* AppticsAnalytics in Frameworks */,
				6B6D8E812DC825140065C738 /* AppticsExtension in Frameworks */,
				6B6D8E832DC825140065C738 /* AppticsFeedbackKit in Frameworks */,
				6B6D8E7F2DC825140065C738 /* AppticsCrossPromotion in Frameworks */,
			);
			runOnlyForDeploymentPostprocessing = 0;
		};
		6B470FDB2D079A6200C8FC37 /* Frameworks */ = {
			isa = PBXFrameworksBuildPhase;
			buildActionMask = 2147483647;
			files = (
			);
			runOnlyForDeploymentPostprocessing = 0;
		};
		6B470FE52D079A6200C8FC37 /* Frameworks */ = {
			isa = PBXFrameworksBuildPhase;
			buildActionMask = 2147483647;
			files = (
			);
			runOnlyForDeploymentPostprocessing = 0;
		};
/* End PBXFrameworksBuildPhase section */

/* Begin PBXGroup section */
		6B470FBF2D079A6000C8FC37 = {
			isa = PBXGroup;
			children = (
				6B889A132E14C97E00DF589F /* Utilities */,
				6B6D8E842DC82A5A0065C738 /* apptics-config.plist */,
				6BA349F22D8519E500DA23F2 /* Config.plist */,
				6B2144DE2D3DF0C6006DB146 /* Media.xcassets */,
				6B786F212D07B22D0058F4EF /* GroveWineCellar.entitlements */,
				6B786F202D07B15A0058F4EF /* GroveWineCellar-Info.plist */,
				6B47100B2D079BF500C8FC37 /* WineDataModel.xcdatamodeld */,
				6B4710232D07AB7300C8FC37 /* GroveWineCellarApp.swift */,
				6B4710162D079F1A00C8FC37 /* Views */,
				6B4710132D079EC800C8FC37 /* ViewModels */,
				6B4710102D079E8F00C8FC37 /* Services */,
				6B4710252D07AC8500C8FC37 /* Models */,
				6B4710082D079BAA00C8FC37 /* Persistence */,
				6B470FE12D079A6200C8FC37 /* GroveWineCellarTests */,
				6B470FEB2D079A6200C8FC37 /* GroveWineCellarUITests */,
				6B6D8E872DC82DFF0065C738 /* Frameworks */,
				6B470FC92D079A6000C8FC37 /* Products */,
			);
			sourceTree = "<group>";
		};
		6B470FC92D079A6000C8FC37 /* Products */ = {
			isa = PBXGroup;
			children = (
				6B470FC82D079A6000C8FC37 /* GroveWineCellar.app */,
				6B470FDE2D079A6200C8FC37 /* GroveWineCellarTests.xctest */,
				6B470FE82D079A6200C8FC37 /* GroveWineCellarUITests.xctest */,
			);
			name = Products;
			sourceTree = "<group>";
		};
		6B4710082D079BAA00C8FC37 /* Persistence */ = {
			isa = PBXGroup;
			children = (
				6B47100A2D079BC900C8FC37 /* WineRepository.swift */,
				6B4710092D079BB400C8FC37 /* PersistenceController.swift */,
			);
			path = Persistence;
			sourceTree = "<group>";
		};
		6B4710102D079E8F00C8FC37 /* Services */ = {
			isa = PBXGroup;
			children = (
				6BF1D1492D3A01C700716321 /* SommelierService.swift */,
				6B4710122D079EAA00C8FC37 /* VisionService.swift */,
				6B4710112D079E9700C8FC37 /* ImageStorageService.swift */,
			);
			path = Services;
			sourceTree = "<group>";
		};
		6B4710132D079EC800C8FC37 /* ViewModels */ = {
			isa = PBXGroup;
			children = (
				6BF1D14B2D3A01D900716321 /* WineCellarQueryViewModel.swift */,
				6B4710152D079EE800C8FC37 /* WineFormViewModel.swift */,
				6B4710142D079ED800C8FC37 /* WineListViewModel.swift */,
			);
			path = ViewModels;
			sourceTree = "<group>";
		};
		6B4710162D079F1A00C8FC37 /* Views */ = {
			isa = PBXGroup;
			children = (
				6BF1D14D2D3A01FA00716321 /* WineCellarQueryView.swift */,
				6B47101F2D07AB0100C8FC37 /* Components */,
				6B47101B2D07AAB300C8FC37 /* WineDetailView.swift */,
				6B47101A2D07AA9400C8FC37 /* WineFormView.swift */,
				6B4710192D07AA8100C8FC37 /* WineRowView.swift */,
				6B4710182D07AA6000C8FC37 /* WineListView.swift */,
				6B4710172D079F2100C8FC37 /* ContentView.swift */,
			);
			path = Views;
			sourceTree = "<group>";
		};
		6B47101F2D07AB0100C8FC37 /* Components */ = {
			isa = PBXGroup;
			children = (
				6B889A102E14C8FA00DF589F /* WineTypeCard.swift */,
				6B889A0E2E14C2BC00DF589F /* FilterPanelView.swift */,
				6BA349EA2D85173100DA23F2 /* SweetnessSelectionView.swift */,
				6BA349E82D85172700DA23F2 /* StyleFilterView.swift */,
				6BA349E62D85171E00DA23F2 /* ColorFilterView.swift */,
				6B786F292D09307C0058F4EF /* SubtypeSelectionView.swift */,
				6B4710222D07AB3F00C8FC37 /* ImagePicker.swift */,
				6B4710212D07AB3000C8FC37 /* FilterChip.swift */,
				6B47101E2D07AAE900C8FC37 /* SearchBarView.swift */,
				6B47101C2D07AAC500C8FC37 /* Badge.swift */,
				6B47101D2D07AADA00C8FC37 /* DetailRow.swift */,
			);
			path = Components;
			sourceTree = "<group>";
		};
		6B4710252D07AC8500C8FC37 /* Models */ = {
			isa = PBXGroup;
			children = (
				6BA349F02D85176200DA23F2 /* WineSweetness.swift */,
				6BA349EE2D85175C00DA23F2 /* WineStyle.swift */,
				6BA349EC2D85175600DA23F2 /* WineColor.swift */,
				6B7258052D3B502000964366 /* ChatMessage.swift */,
				6B4710052D079AC500C8FC37 /* RecognizedWineAttributes.swift */,
				6B4710022D079AAF00C8FC37 /* Wine.swift */,
				6B470FFF2D079A9A00C8FC37 /* WineSubType.swift */,
				6B470FFC2D079A8C00C8FC37 /* WineType.swift */,
			);
			path = Models;
			sourceTree = "<group>";
		};
		6B6D8E872DC82DFF0065C738 /* Frameworks */ = {
			isa = PBXGroup;
			children = (
			);
			name = Frameworks;
			sourceTree = "<group>";
		};
		6B889A132E14C97E00DF589F /* Utilities */ = {
			isa = PBXGroup;
			children = (
				6B889A122E14C97E00DF589F /* WineColorHelper.swift */,
			);
			path = Utilities;
			sourceTree = "<group>";
		};
/* End PBXGroup section */

/* Begin PBXNativeTarget section */
		6B470FC72D079A6000C8FC37 /* GroveWineCellar */ = {
			isa = PBXNativeTarget;
			buildConfigurationList = 6B470FF22D079A6200C8FC37 /* Build configuration list for PBXNativeTarget "GroveWineCellar" */;
			buildPhases = (
				6B470FC42D079A6000C8FC37 /* Sources */,
				6B470FC52D079A6000C8FC37 /* Frameworks */,
				6B470FC62D079A6000C8FC37 /* Resources */,
			);
			buildRules = (
			);
			dependencies = (
			);
			name = GroveWineCellar;
			packageProductDependencies = (
				6B6D8E7A2DC825140065C738 /* AppticsAnalytics */,
				6B6D8E7C2DC825140065C738 /* AppticsApiTracker */,
				6B6D8E7E2DC825140065C738 /* AppticsCrossPromotion */,
				6B6D8E802DC825140065C738 /* AppticsExtension */,
				6B6D8E822DC825140065C738 /* AppticsFeedbackKit */,
			);
			productName = GroveWineCellar;
			productReference = 6B470FC82D079A6000C8FC37 /* GroveWineCellar.app */;
			productType = "com.apple.product-type.application";
		};
		6B470FDD2D079A6200C8FC37 /* GroveWineCellarTests */ = {
			isa = PBXNativeTarget;
			buildConfigurationList = 6B470FF52D079A6200C8FC37 /* Build configuration list for PBXNativeTarget "GroveWineCellarTests" */;
			buildPhases = (
				6B470FDA2D079A6200C8FC37 /* Sources */,
				6B470FDB2D079A6200C8FC37 /* Frameworks */,
				6B470FDC2D079A6200C8FC37 /* Resources */,
			);
			buildRules = (
			);
			dependencies = (
				6B470FE02D079A6200C8FC37 /* PBXTargetDependency */,
			);
			fileSystemSynchronizedGroups = (
				6B470FE12D079A6200C8FC37 /* GroveWineCellarTests */,
			);
			name = GroveWineCellarTests;
			packageProductDependencies = (
			);
			productName = GroveWineCellarTests;
			productReference = 6B470FDE2D079A6200C8FC37 /* GroveWineCellarTests.xctest */;
			productType = "com.apple.product-type.bundle.unit-test";
		};
		6B470FE72D079A6200C8FC37 /* GroveWineCellarUITests */ = {
			isa = PBXNativeTarget;
			buildConfigurationList = 6B470FF82D079A6200C8FC37 /* Build configuration list for PBXNativeTarget "GroveWineCellarUITests" */;
			buildPhases = (
				6B470FE42D079A6200C8FC37 /* Sources */,
				6B470FE52D079A6200C8FC37 /* Frameworks */,
				6B470FE62D079A6200C8FC37 /* Resources */,
			);
			buildRules = (
			);
			dependencies = (
				6B470FEA2D079A6200C8FC37 /* PBXTargetDependency */,
			);
			fileSystemSynchronizedGroups = (
				6B470FEB2D079A6200C8FC37 /* GroveWineCellarUITests */,
			);
			name = GroveWineCellarUITests;
			packageProductDependencies = (
			);
			productName = GroveWineCellarUITests;
			productReference = 6B470FE82D079A6200C8FC37 /* GroveWineCellarUITests.xctest */;
			productType = "com.apple.product-type.bundle.ui-testing";
		};
/* End PBXNativeTarget section */

/* Begin PBXProject section */
		6B470FC02D079A6000C8FC37 /* Project object */ = {
			isa = PBXProject;
			attributes = {
				BuildIndependentTargetsInParallel = 1;
				LastSwiftUpdateCheck = 1610;
				LastUpgradeCheck = 1610;
				TargetAttributes = {
					6B470FC72D079A6000C8FC37 = {
						CreatedOnToolsVersion = 16.1;
					};
					6B470FDD2D079A6200C8FC37 = {
						CreatedOnToolsVersion = 16.1;
						TestTargetID = 6B470FC72D079A6000C8FC37;
					};
					6B470FE72D079A6200C8FC37 = {
						CreatedOnToolsVersion = 16.1;
						TestTargetID = 6B470FC72D079A6000C8FC37;
					};
				};
			};
			buildConfigurationList = 6B470FC32D079A6000C8FC37 /* Build configuration list for PBXProject "GroveWineCellar" */;
			developmentRegion = en;
			hasScannedForEncodings = 0;
			knownRegions = (
				en,
				Base,
			);
			mainGroup = 6B470FBF2D079A6000C8FC37;
			minimizedProjectReferenceProxies = 1;
			packageReferences = (
				6B6D8E792DC825140065C738 /* XCRemoteSwiftPackageReference "Apptics-SP" */,
			);
			preferredProjectObjectVersion = 77;
			productRefGroup = 6B470FC92D079A6000C8FC37 /* Products */;
			projectDirPath = "";
			projectRoot = "";
			targets = (
				6B470FC72D079A6000C8FC37 /* GroveWineCellar */,
				6B470FDD2D079A6200C8FC37 /* GroveWineCellarTests */,
				6B470FE72D079A6200C8FC37 /* GroveWineCellarUITests */,
			);
		};
/* End PBXProject section */

/* Begin PBXResourcesBuildPhase section */
		6B470FC62D079A6000C8FC37 /* Resources */ = {
			isa = PBXResourcesBuildPhase;
			buildActionMask = 2147483647;
			files = (
				6BA349F32D8519E500DA23F2 /* Config.plist in Resources */,
				6B6D8E852DC82A5A0065C738 /* apptics-config.plist in Resources */,
				6B2144DF2D3DF0C6006DB146 /* Media.xcassets in Resources */,
			);
			runOnlyForDeploymentPostprocessing = 0;
		};
		6B470FDC2D079A6200C8FC37 /* Resources */ = {
			isa = PBXResourcesBuildPhase;
			buildActionMask = 2147483647;
			files = (
			);
			runOnlyForDeploymentPostprocessing = 0;
		};
		6B470FE62D079A6200C8FC37 /* Resources */ = {
			isa = PBXResourcesBuildPhase;
			buildActionMask = 2147483647;
			files = (
			);
			runOnlyForDeploymentPostprocessing = 0;
		};
/* End PBXResourcesBuildPhase section */

/* Begin PBXSourcesBuildPhase section */
		6B470FC42D079A6000C8FC37 /* Sources */ = {
			isa = PBXSourcesBuildPhase;
			buildActionMask = 2147483647;
			files = (
				6B4710012D079AA000C8FC37 /* WineSubType.swift in Sources */,
				6B889A0F2E14C2BC00DF589F /* FilterPanelView.swift in Sources */,
				6B4710242D07AB7400C8FC37 /* GroveWineCellarApp.swift in Sources */,
				6B889A112E14C8FA00DF589F /* WineTypeCard.swift in Sources */,
				6B47100D2D079BF500C8FC37 /* WineDataModel.xcdatamodeld in Sources */,
				6B4710352D07AD5000C8FC37 /* PersistenceController.swift in Sources */,
				6BA349F12D85176200DA23F2 /* WineSweetness.swift in Sources */,
				6B4710362D07AD5000C8FC37 /* WineRepository.swift in Sources */,
				6B4710072D079AC700C8FC37 /* RecognizedWineAttributes.swift in Sources */,
				6B4710332D07AD4200C8FC37 /* VisionService.swift in Sources */,
				6BA349ED2D85175600DA23F2 /* WineColor.swift in Sources */,
				6B4710342D07AD4200C8FC37 /* ImageStorageService.swift in Sources */,
				6BA349EB2D85173100DA23F2 /* SweetnessSelectionView.swift in Sources */,
				6B4710262D07AD3700C8FC37 /* ImagePicker.swift in Sources */,
				6B4710272D07AD3700C8FC37 /* Badge.swift in Sources */,
				6B4710282D07AD3700C8FC37 /* ContentView.swift in Sources */,
				6BF1D14E2D3A01FA00716321 /* WineCellarQueryView.swift in Sources */,
				6BA349EF2D85175C00DA23F2 /* WineStyle.swift in Sources */,
				6B4710292D07AD3700C8FC37 /* WineFormView.swift in Sources */,
				6B47102A2D07AD3700C8FC37 /* WineRowView.swift in Sources */,
				6BF1D14A2D3A01C700716321 /* SommelierService.swift in Sources */,
				6B47102B2D07AD3700C8FC37 /* FilterChip.swift in Sources */,
				6B47102C2D07AD3700C8FC37 /* DetailRow.swift in Sources */,
				6B47102D2D07AD3700C8FC37 /* SearchBarView.swift in Sources */,
				6BF1D14C2D3A01D900716321 /* WineCellarQueryViewModel.swift in Sources */,
				6B4710312D07AD3C00C8FC37 /* WineListViewModel.swift in Sources */,
				6B889A142E14C97E00DF589F /* WineColorHelper.swift in Sources */,
				6B4710322D07AD3C00C8FC37 /* WineFormViewModel.swift in Sources */,
				6B7258062D3B502100964366 /* ChatMessage.swift in Sources */,
				6B786F2A2D0930820058F4EF /* SubtypeSelectionView.swift in Sources */,
				6B47102F2D07AD3700C8FC37 /* WineDetailView.swift in Sources */,
				6B4710302D07AD3700C8FC37 /* WineListView.swift in Sources */,
				6B470FFE2D079A8E00C8FC37 /* WineType.swift in Sources */,
				6BA349E72D85171E00DA23F2 /* ColorFilterView.swift in Sources */,
				6BA349E92D85172700DA23F2 /* StyleFilterView.swift in Sources */,
				6B4710042D079AB600C8FC37 /* Wine.swift in Sources */,
			);
			runOnlyForDeploymentPostprocessing = 0;
		};
		6B470FDA2D079A6200C8FC37 /* Sources */ = {
			isa = PBXSourcesBuildPhase;
			buildActionMask = 2147483647;
			files = (
			);
			runOnlyForDeploymentPostprocessing = 0;
		};
		6B470FE42D079A6200C8FC37 /* Sources */ = {
			isa = PBXSourcesBuildPhase;
			buildActionMask = 2147483647;
			files = (
			);
			runOnlyForDeploymentPostprocessing = 0;
		};
/* End PBXSourcesBuildPhase section */

/* Begin PBXTargetDependency section */
		6B470FE02D079A6200C8FC37 /* PBXTargetDependency */ = {
			isa = PBXTargetDependency;
			target = 6B470FC72D079A6000C8FC37 /* GroveWineCellar */;
			targetProxy = 6B470FDF2D079A6200C8FC37 /* PBXContainerItemProxy */;
		};
		6B470FEA2D079A6200C8FC37 /* PBXTargetDependency */ = {
			isa = PBXTargetDependency;
			target = 6B470FC72D079A6000C8FC37 /* GroveWineCellar */;
			targetProxy = 6B470FE92D079A6200C8FC37 /* PBXContainerItemProxy */;
		};
/* End PBXTargetDependency section */

/* Begin XCBuildConfiguration section */
		6B470FF02D079A6200C8FC37 /* Debug */ = {
			isa = XCBuildConfiguration;
			buildSettings = {
				ALWAYS_SEARCH_USER_PATHS = NO;
				ASSETCATALOG_COMPILER_GENERATE_SWIFT_ASSET_SYMBOL_EXTENSIONS = YES;
				CLANG_ANALYZER_NONNULL = YES;
				CLANG_ANALYZER_NUMBER_OBJECT_CONVERSION = YES_AGGRESSIVE;
				CLANG_CXX_LANGUAGE_STANDARD = "gnu++20";
				CLANG_ENABLE_MODULES = YES;
				CLANG_ENABLE_OBJC_ARC = YES;
				CLANG_ENABLE_OBJC_WEAK = YES;
				CLANG_WARN_BLOCK_CAPTURE_AUTORELEASING = YES;
				CLANG_WARN_BOOL_CONVERSION = YES;
				CLANG_WARN_COMMA = YES;
				CLANG_WARN_CONSTANT_CONVERSION = YES;
				CLANG_WARN_DEPRECATED_OBJC_IMPLEMENTATIONS = YES;
				CLANG_WARN_DIRECT_OBJC_ISA_USAGE = YES_ERROR;
				CLANG_WARN_DOCUMENTATION_COMMENTS = YES;
				CLANG_WARN_EMPTY_BODY = YES;
				CLANG_WARN_ENUM_CONVERSION = YES;
				CLANG_WARN_INFINITE_RECURSION = YES;
				CLANG_WARN_INT_CONVERSION = YES;
				CLANG_WARN_NON_LITERAL_NULL_CONVERSION = YES;
				CLANG_WARN_OBJC_IMPLICIT_RETAIN_SELF = YES;
				CLANG_WARN_OBJC_LITERAL_CONVERSION = YES;
				CLANG_WARN_OBJC_ROOT_CLASS = YES_ERROR;
				CLANG_WARN_QUOTED_INCLUDE_IN_FRAMEWORK_HEADER = YES;
				CLANG_WARN_RANGE_LOOP_ANALYSIS = YES;
				CLANG_WARN_STRICT_PROTOTYPES = YES;
				CLANG_WARN_SUSPICIOUS_MOVE = YES;
				CLANG_WARN_UNGUARDED_AVAILABILITY = YES_AGGRESSIVE;
				CLANG_WARN_UNREACHABLE_CODE = YES;
				CLANG_WARN__DUPLICATE_METHOD_MATCH = YES;
				COPY_PHASE_STRIP = NO;
				DEBUG_INFORMATION_FORMAT = dwarf;
				ENABLE_STRICT_OBJC_MSGSEND = YES;
				ENABLE_TESTABILITY = YES;
				ENABLE_USER_SCRIPT_SANDBOXING = YES;
				GCC_C_LANGUAGE_STANDARD = gnu17;
				GCC_DYNAMIC_NO_PIC = NO;
				GCC_NO_COMMON_BLOCKS = YES;
				GCC_OPTIMIZATION_LEVEL = 0;
				GCC_PREPROCESSOR_DEFINITIONS = (
					"DEBUG=1",
					"$(inherited)",
				);
				GCC_WARN_64_TO_32_BIT_CONVERSION = YES;
				GCC_WARN_ABOUT_RETURN_TYPE = YES_ERROR;
				GCC_WARN_UNDECLARED_SELECTOR = YES;
				GCC_WARN_UNINITIALIZED_AUTOS = YES_AGGRESSIVE;
				GCC_WARN_UNUSED_FUNCTION = YES;
				GCC_WARN_UNUSED_VARIABLE = YES;
				LOCALIZATION_PREFERS_STRING_CATALOGS = YES;
				MTL_ENABLE_DEBUG_INFO = INCLUDE_SOURCE;
				MTL_FAST_MATH = YES;
				ONLY_ACTIVE_ARCH = YES;
				SWIFT_ACTIVE_COMPILATION_CONDITIONS = "DEBUG $(inherited)";
				SWIFT_OPTIMIZATION_LEVEL = "-Onone";
			};
			name = Debug;
		};
		6B470FF12D079A6200C8FC37 /* Release */ = {
			isa = XCBuildConfiguration;
			buildSettings = {
				ALWAYS_SEARCH_USER_PATHS = NO;
				ASSETCATALOG_COMPILER_GENERATE_SWIFT_ASSET_SYMBOL_EXTENSIONS = YES;
				CLANG_ANALYZER_NONNULL = YES;
				CLANG_ANALYZER_NUMBER_OBJECT_CONVERSION = YES_AGGRESSIVE;
				CLANG_CXX_LANGUAGE_STANDARD = "gnu++20";
				CLANG_ENABLE_MODULES = YES;
				CLANG_ENABLE_OBJC_ARC = YES;
				CLANG_ENABLE_OBJC_WEAK = YES;
				CLANG_WARN_BLOCK_CAPTURE_AUTORELEASING = YES;
				CLANG_WARN_BOOL_CONVERSION = YES;
				CLANG_WARN_COMMA = YES;
				CLANG_WARN_CONSTANT_CONVERSION = YES;
				CLANG_WARN_DEPRECATED_OBJC_IMPLEMENTATIONS = YES;
				CLANG_WARN_DIRECT_OBJC_ISA_USAGE = YES_ERROR;
				CLANG_WARN_DOCUMENTATION_COMMENTS = YES;
				CLANG_WARN_EMPTY_BODY = YES;
				CLANG_WARN_ENUM_CONVERSION = YES;
				CLANG_WARN_INFINITE_RECURSION = YES;
				CLANG_WARN_INT_CONVERSION = YES;
				CLANG_WARN_NON_LITERAL_NULL_CONVERSION = YES;
				CLANG_WARN_OBJC_IMPLICIT_RETAIN_SELF = YES;
				CLANG_WARN_OBJC_LITERAL_CONVERSION = YES;
				CLANG_WARN_OBJC_ROOT_CLASS = YES_ERROR;
				CLANG_WARN_QUOTED_INCLUDE_IN_FRAMEWORK_HEADER = YES;
				CLANG_WARN_RANGE_LOOP_ANALYSIS = YES;
				CLANG_WARN_STRICT_PROTOTYPES = YES;
				CLANG_WARN_SUSPICIOUS_MOVE = YES;
				CLANG_WARN_UNGUARDED_AVAILABILITY = YES_AGGRESSIVE;
				CLANG_WARN_UNREACHABLE_CODE = YES;
				CLANG_WARN__DUPLICATE_METHOD_MATCH = YES;
				COPY_PHASE_STRIP = NO;
				DEBUG_INFORMATION_FORMAT = "dwarf-with-dsym";
				ENABLE_NS_ASSERTIONS = NO;
				ENABLE_STRICT_OBJC_MSGSEND = YES;
				ENABLE_USER_SCRIPT_SANDBOXING = YES;
				GCC_C_LANGUAGE_STANDARD = gnu17;
				GCC_NO_COMMON_BLOCKS = YES;
				GCC_WARN_64_TO_32_BIT_CONVERSION = YES;
				GCC_WARN_ABOUT_RETURN_TYPE = YES_ERROR;
				GCC_WARN_UNDECLARED_SELECTOR = YES;
				GCC_WARN_UNINITIALIZED_AUTOS = YES_AGGRESSIVE;
				GCC_WARN_UNUSED_FUNCTION = YES;
				GCC_WARN_UNUSED_VARIABLE = YES;
				LOCALIZATION_PREFERS_STRING_CATALOGS = YES;
				MTL_ENABLE_DEBUG_INFO = NO;
				MTL_FAST_MATH = YES;
				SWIFT_COMPILATION_MODE = wholemodule;
			};
			name = Release;
		};
		6B470FF32D079A6200C8FC37 /* Debug */ = {
			isa = XCBuildConfiguration;
			buildSettings = {
				ASSETCATALOG_COMPILER_APPICON_NAME = AppIcon;
				ASSETCATALOG_COMPILER_GLOBAL_ACCENT_COLOR_NAME = AccentColor;
				CODE_SIGN_ENTITLEMENTS = GroveWineCellar.entitlements;
				CODE_SIGN_IDENTITY = "Apple Development";
				CODE_SIGN_STYLE = Automatic;
				CURRENT_PROJECT_VERSION = 1;
				DEVELOPMENT_ASSET_PATHS = "";
				DEVELOPMENT_TEAM = MWW68W9GDA;
				ENABLE_HARDENED_RUNTIME = YES;
				ENABLE_PREVIEWS = YES;
				GENERATE_INFOPLIST_FILE = YES;
				INFOPLIST_FILE = "GroveWineCellar-Info.plist";
				INFOPLIST_KEY_NSCameraUsageDescription = "The camera is used to take photos of wine bottles to use AI to identify wines and to add to your cellar.";
				INFOPLIST_KEY_NSPhotoLibraryUsageDescription = "Access to your photo library is needed to select wine bottle images.";
				"INFOPLIST_KEY_UIApplicationSceneManifest_Generation[sdk=iphoneos*]" = YES;
				"INFOPLIST_KEY_UIApplicationSceneManifest_Generation[sdk=iphonesimulator*]" = YES;
				"INFOPLIST_KEY_UIApplicationSupportsIndirectInputEvents[sdk=iphoneos*]" = YES;
				"INFOPLIST_KEY_UIApplicationSupportsIndirectInputEvents[sdk=iphonesimulator*]" = YES;
				"INFOPLIST_KEY_UILaunchScreen_Generation[sdk=iphoneos*]" = YES;
				"INFOPLIST_KEY_UILaunchScreen_Generation[sdk=iphonesimulator*]" = YES;
				"INFOPLIST_KEY_UIStatusBarStyle[sdk=iphoneos*]" = UIStatusBarStyleDefault;
				"INFOPLIST_KEY_UIStatusBarStyle[sdk=iphonesimulator*]" = UIStatusBarStyleDefault;
				INFOPLIST_KEY_UISupportedInterfaceOrientations_iPad = "UIInterfaceOrientationPortrait UIInterfaceOrientationPortraitUpsideDown UIInterfaceOrientationLandscapeLeft UIInterfaceOrientationLandscapeRight";
				INFOPLIST_KEY_UISupportedInterfaceOrientations_iPhone = "UIInterfaceOrientationPortrait UIInterfaceOrientationLandscapeLeft UIInterfaceOrientationLandscapeRight";
				IPHONEOS_DEPLOYMENT_TARGET = 18.1;
				LD_RUNPATH_SEARCH_PATHS = "@executable_path/Frameworks";
				"LD_RUNPATH_SEARCH_PATHS[sdk=macosx*]" = "@executable_path/../Frameworks";
				MACOSX_DEPLOYMENT_TARGET = 15.0;
				MARKETING_VERSION = 1.0;
				PRODUCT_BUNDLE_IDENTIFIER = xyz.grovehouse.grovewinecellar;
				PRODUCT_NAME = "$(TARGET_NAME)";
				PROVISIONING_PROFILE_SPECIFIER = "";
				SDKROOT = auto;
				SUPPORTED_PLATFORMS = "iphoneos iphonesimulator macosx xros xrsimulator";
				SWIFT_EMIT_LOC_STRINGS = YES;
				SWIFT_VERSION = 5.0;
				TARGETED_DEVICE_FAMILY = "1,2,7";
				XROS_DEPLOYMENT_TARGET = 2.1;
			};
			name = Debug;
		};
		6B470FF42D079A6200C8FC37 /* Release */ = {
			isa = XCBuildConfiguration;
			buildSettings = {
				ASSETCATALOG_COMPILER_APPICON_NAME = AppIcon;
				ASSETCATALOG_COMPILER_GLOBAL_ACCENT_COLOR_NAME = AccentColor;
				CODE_SIGN_ENTITLEMENTS = GroveWineCellar.entitlements;
				CODE_SIGN_IDENTITY = "Apple Development";
				CODE_SIGN_STYLE = Automatic;
				CURRENT_PROJECT_VERSION = 1;
				DEVELOPMENT_ASSET_PATHS = "";
				DEVELOPMENT_TEAM = MWW68W9GDA;
				ENABLE_HARDENED_RUNTIME = YES;
				ENABLE_PREVIEWS = YES;
				GENERATE_INFOPLIST_FILE = YES;
				INFOPLIST_FILE = "GroveWineCellar-Info.plist";
				INFOPLIST_KEY_NSCameraUsageDescription = "The camera is used to take photos of wine bottles to use AI to identify wines and to add to your cellar.";
				INFOPLIST_KEY_NSPhotoLibraryUsageDescription = "Access to your photo library is needed to select wine bottle images.";
				"INFOPLIST_KEY_UIApplicationSceneManifest_Generation[sdk=iphoneos*]" = YES;
				"INFOPLIST_KEY_UIApplicationSceneManifest_Generation[sdk=iphonesimulator*]" = YES;
				"INFOPLIST_KEY_UIApplicationSupportsIndirectInputEvents[sdk=iphoneos*]" = YES;
				"INFOPLIST_KEY_UIApplicationSupportsIndirectInputEvents[sdk=iphonesimulator*]" = YES;
				"INFOPLIST_KEY_UILaunchScreen_Generation[sdk=iphoneos*]" = YES;
				"INFOPLIST_KEY_UILaunchScreen_Generation[sdk=iphonesimulator*]" = YES;
				"INFOPLIST_KEY_UIStatusBarStyle[sdk=iphoneos*]" = UIStatusBarStyleDefault;
				"INFOPLIST_KEY_UIStatusBarStyle[sdk=iphonesimulator*]" = UIStatusBarStyleDefault;
				INFOPLIST_KEY_UISupportedInterfaceOrientations_iPad = "UIInterfaceOrientationPortrait UIInterfaceOrientationPortraitUpsideDown UIInterfaceOrientationLandscapeLeft UIInterfaceOrientationLandscapeRight";
				INFOPLIST_KEY_UISupportedInterfaceOrientations_iPhone = "UIInterfaceOrientationPortrait UIInterfaceOrientationLandscapeLeft UIInterfaceOrientationLandscapeRight";
				IPHONEOS_DEPLOYMENT_TARGET = 18.1;
				LD_RUNPATH_SEARCH_PATHS = "@executable_path/Frameworks";
				"LD_RUNPATH_SEARCH_PATHS[sdk=macosx*]" = "@executable_path/../Frameworks";
				MACOSX_DEPLOYMENT_TARGET = 15.0;
				MARKETING_VERSION = 1.0;
				PRODUCT_BUNDLE_IDENTIFIER = xyz.grovehouse.grovewinecellar;
				PRODUCT_NAME = "$(TARGET_NAME)";
				PROVISIONING_PROFILE_SPECIFIER = "";
				SDKROOT = auto;
				SUPPORTED_PLATFORMS = "iphoneos iphonesimulator macosx xros xrsimulator";
				SWIFT_EMIT_LOC_STRINGS = YES;
				SWIFT_VERSION = 5.0;
				TARGETED_DEVICE_FAMILY = "1,2,7";
				XROS_DEPLOYMENT_TARGET = 2.1;
			};
			name = Release;
		};
		6B470FF62D079A6200C8FC37 /* Debug */ = {
			isa = XCBuildConfiguration;
			buildSettings = {
				BUNDLE_LOADER = "$(TEST_HOST)";
				CODE_SIGN_STYLE = Automatic;
				CURRENT_PROJECT_VERSION = 1;
				DEVELOPMENT_TEAM = MWW68W9GDA;
				GENERATE_INFOPLIST_FILE = YES;
				IPHONEOS_DEPLOYMENT_TARGET = 18.1;
				MACOSX_DEPLOYMENT_TARGET = 15.0;
				MARKETING_VERSION = 1.0;
				PRODUCT_BUNDLE_IDENTIFIER = grovehouse.xyz.GroveWineCellarTests;
				PRODUCT_NAME = "$(TARGET_NAME)";
				SDKROOT = auto;
				SUPPORTED_PLATFORMS = "iphoneos iphonesimulator macosx xros xrsimulator";
				SWIFT_EMIT_LOC_STRINGS = NO;
				SWIFT_VERSION = 5.0;
				TARGETED_DEVICE_FAMILY = "1,2,7";
				TEST_HOST = "$(BUILT_PRODUCTS_DIR)/GroveWineCellar.app/$(BUNDLE_EXECUTABLE_FOLDER_PATH)/GroveWineCellar";
				XROS_DEPLOYMENT_TARGET = 2.1;
			};
			name = Debug;
		};
		6B470FF72D079A6200C8FC37 /* Release */ = {
			isa = XCBuildConfiguration;
			buildSettings = {
				BUNDLE_LOADER = "$(TEST_HOST)";
				CODE_SIGN_STYLE = Automatic;
				CURRENT_PROJECT_VERSION = 1;
				DEVELOPMENT_TEAM = MWW68W9GDA;
				GENERATE_INFOPLIST_FILE = YES;
				IPHONEOS_DEPLOYMENT_TARGET = 18.1;
				MACOSX_DEPLOYMENT_TARGET = 15.0;
				MARKETING_VERSION = 1.0;
				PRODUCT_BUNDLE_IDENTIFIER = grovehouse.xyz.GroveWineCellarTests;
				PRODUCT_NAME = "$(TARGET_NAME)";
				SDKROOT = auto;
				SUPPORTED_PLATFORMS = "iphoneos iphonesimulator macosx xros xrsimulator";
				SWIFT_EMIT_LOC_STRINGS = NO;
				SWIFT_VERSION = 5.0;
				TARGETED_DEVICE_FAMILY = "1,2,7";
				TEST_HOST = "$(BUILT_PRODUCTS_DIR)/GroveWineCellar.app/$(BUNDLE_EXECUTABLE_FOLDER_PATH)/GroveWineCellar";
				XROS_DEPLOYMENT_TARGET = 2.1;
			};
			name = Release;
		};
		6B470FF92D079A6200C8FC37 /* Debug */ = {
			isa = XCBuildConfiguration;
			buildSettings = {
				CODE_SIGN_STYLE = Automatic;
				CURRENT_PROJECT_VERSION = 1;
				DEVELOPMENT_TEAM = MWW68W9GDA;
				GENERATE_INFOPLIST_FILE = YES;
				IPHONEOS_DEPLOYMENT_TARGET = 18.1;
				MACOSX_DEPLOYMENT_TARGET = 15.0;
				MARKETING_VERSION = 1.0;
				PRODUCT_BUNDLE_IDENTIFIER = grovehouse.xyz.GroveWineCellarUITests;
				PRODUCT_NAME = "$(TARGET_NAME)";
				SDKROOT = auto;
				SUPPORTED_PLATFORMS = "iphoneos iphonesimulator macosx xros xrsimulator";
				SWIFT_EMIT_LOC_STRINGS = NO;
				SWIFT_VERSION = 5.0;
				TARGETED_DEVICE_FAMILY = "1,2,7";
				TEST_TARGET_NAME = GroveWineCellar;
				XROS_DEPLOYMENT_TARGET = 2.1;
			};
			name = Debug;
		};
		6B470FFA2D079A6200C8FC37 /* Release */ = {
			isa = XCBuildConfiguration;
			buildSettings = {
				CODE_SIGN_STYLE = Automatic;
				CURRENT_PROJECT_VERSION = 1;
				DEVELOPMENT_TEAM = MWW68W9GDA;
				GENERATE_INFOPLIST_FILE = YES;
				IPHONEOS_DEPLOYMENT_TARGET = 18.1;
				MACOSX_DEPLOYMENT_TARGET = 15.0;
				MARKETING_VERSION = 1.0;
				PRODUCT_BUNDLE_IDENTIFIER = grovehouse.xyz.GroveWineCellarUITests;
				PRODUCT_NAME = "$(TARGET_NAME)";
				SDKROOT = auto;
				SUPPORTED_PLATFORMS = "iphoneos iphonesimulator macosx xros xrsimulator";
				SWIFT_EMIT_LOC_STRINGS = NO;
				SWIFT_VERSION = 5.0;
				TARGETED_DEVICE_FAMILY = "1,2,7";
				TEST_TARGET_NAME = GroveWineCellar;
				XROS_DEPLOYMENT_TARGET = 2.1;
			};
			name = Release;
		};
/* End XCBuildConfiguration section */

/* Begin XCConfigurationList section */
		6B470FC32D079A6000C8FC37 /* Build configuration list for PBXProject "GroveWineCellar" */ = {
			isa = XCConfigurationList;
			buildConfigurations = (
				6B470FF02D079A6200C8FC37 /* Debug */,
				6B470FF12D079A6200C8FC37 /* Release */,
			);
			defaultConfigurationIsVisible = 0;
			defaultConfigurationName = Release;
		};
		6B470FF22D079A6200C8FC37 /* Build configuration list for PBXNativeTarget "GroveWineCellar" */ = {
			isa = XCConfigurationList;
			buildConfigurations = (
				6B470FF32D079A6200C8FC37 /* Debug */,
				6B470FF42D079A6200C8FC37 /* Release */,
			);
			defaultConfigurationIsVisible = 0;
			defaultConfigurationName = Release;
		};
		6B470FF52D079A6200C8FC37 /* Build configuration list for PBXNativeTarget "GroveWineCellarTests" */ = {
			isa = XCConfigurationList;
			buildConfigurations = (
				6B470FF62D079A6200C8FC37 /* Debug */,
				6B470FF72D079A6200C8FC37 /* Release */,
			);
			defaultConfigurationIsVisible = 0;
			defaultConfigurationName = Release;
		};
		6B470FF82D079A6200C8FC37 /* Build configuration list for PBXNativeTarget "GroveWineCellarUITests" */ = {
			isa = XCConfigurationList;
			buildConfigurations = (
				6B470FF92D079A6200C8FC37 /* Debug */,
				6B470FFA2D079A6200C8FC37 /* Release */,
			);
			defaultConfigurationIsVisible = 0;
			defaultConfigurationName = Release;
		};
/* End XCConfigurationList section */

/* Begin XCRemoteSwiftPackageReference section */
		6B6D8E792DC825140065C738 /* XCRemoteSwiftPackageReference "Apptics-SP" */ = {
			isa = XCRemoteSwiftPackageReference;
			repositoryURL = "https://github.com/zoho/Apptics-SP/";
			requirement = {
				kind = upToNextMajorVersion;
				minimumVersion = 2.2.6003;
			};
		};
/* End XCRemoteSwiftPackageReference section */

/* Begin XCSwiftPackageProductDependency section */
		6B6D8E7A2DC825140065C738 /* AppticsAnalytics */ = {
			isa = XCSwiftPackageProductDependency;
			package = 6B6D8E792DC825140065C738 /* XCRemoteSwiftPackageReference "Apptics-SP" */;
			productName = AppticsAnalytics;
		};
		6B6D8E7C2DC825140065C738 /* AppticsApiTracker */ = {
			isa = XCSwiftPackageProductDependency;
			package = 6B6D8E792DC825140065C738 /* XCRemoteSwiftPackageReference "Apptics-SP" */;
			productName = AppticsApiTracker;
		};
		6B6D8E7E2DC825140065C738 /* AppticsCrossPromotion */ = {
			isa = XCSwiftPackageProductDependency;
			package = 6B6D8E792DC825140065C738 /* XCRemoteSwiftPackageReference "Apptics-SP" */;
			productName = AppticsCrossPromotion;
		};
		6B6D8E802DC825140065C738 /* AppticsExtension */ = {
			isa = XCSwiftPackageProductDependency;
			package = 6B6D8E792DC825140065C738 /* XCRemoteSwiftPackageReference "Apptics-SP" */;
			productName = AppticsExtension;
		};
		6B6D8E822DC825140065C738 /* AppticsFeedbackKit */ = {
			isa = XCSwiftPackageProductDependency;
			package = 6B6D8E792DC825140065C738 /* XCRemoteSwiftPackageReference "Apptics-SP" */;
			productName = AppticsFeedbackKit;
		};
/* End XCSwiftPackageProductDependency section */

/* Begin XCVersionGroup section */
		6B47100B2D079BF500C8FC37 /* WineDataModel.xcdatamodeld */ = {
			isa = XCVersionGroup;
			children = (
				6B47100C2D079BF500C8FC37 /* WineDataModel.xcdatamodel */,
			);
			currentVersion = 6B47100C2D079BF500C8FC37 /* WineDataModel.xcdatamodel */;
			path = WineDataModel.xcdatamodeld;
			sourceTree = "<group>";
			versionGroupType = wrapper.xcdatamodel;
		};
/* End XCVersionGroup section */
	};
	rootObject = 6B470FC02D079A6000C8FC37 /* Project object */;
}
